
Microsoft Visual Studio Solution File, Format Version 12.00
# Visual Studio Version 17
VisualStudioVersion = 17.7.34202.233
MinimumVisualStudioVersion = 10.0.40219.1
Project("{FAE04EC0-301F-11D3-BF4B-00C04F79EFBC}") = "Lazar_Beatrice_Lab1", "Lazar_Beatrice_Lab1.csproj", "{037CD24B-A422-4D75-A4A2-A6E31D5C6B77}"
EndProject
Global
	GlobalSection(SolutionConfigurationPlatforms) = preSolution
		Debug|Any CPU = Debug|Any CPU
		Release|Any CPU = Release|Any CPU
	EndGlobalSection
	GlobalSection(ProjectConfigurationPlatforms) = postSolution
		{037CD24B-A422-4D75-A4A2-A6E31D5C6B77}.Debug|Any CPU.ActiveCfg = Debug|Any CPU
		{037CD24B-A422-4D75-A4A2-A6E31D5C6B77}.Debug|Any CPU.Build.0 = Debug|Any CPU
		{037CD24B-A422-4D75-A4A2-A6E31D5C6B77}.Release|Any CPU.ActiveCfg = Release|Any CPU
		{037CD24B-A422-4D75-A4A2-A6E31D5C6B77}.Release|Any CPU.Build.0 = Release|Any CPU
	EndGlobalSection
	GlobalSection(SolutionProperties) = preSolution
		HideSolutionNode = FALSE
	EndGlobalSection
	GlobalSection(ExtensibilityGlobals) = postSolution
		SolutionGuid = {1060A5CE-7957-4A32-A4A4-5625A49AE55A}
	EndGlobalSection
EndGlobal
